
Microsoft Visual Studio Solution File, Format Version 12.00
# Visual Studio Version 16
VisualStudioVersion = 16.0.32106.194
MinimumVisualStudioVersion = 10.0.40219.1
Project("{FAE04EC0-301F-11D3-BF4B-00C04F79EFBC}") = "HandlingLibrabries", "HandlingLibrabries\HandlingLibrabries.csproj", "{8C7EC62B-0344-438B-9D7A-37434601C151}"
	ProjectSection(ProjectDependencies) = postProject
		{1588CE2F-360D-4874-953D-0D6FF0FDB188} = {1588CE2F-360D-4874-953D-0D6FF0FDB188}
	EndProjectSection
EndProject
Project("{FAE04EC0-301F-11D3-BF4B-00C04F79EFBC}") = "Calculator", "Calculator\Calculator.csproj", "{1588CE2F-360D-4874-953D-0D6FF0FDB188}"
EndProject
Global
	GlobalSection(SolutionConfigurationPlatforms) = preSolution
		Debug|Any CPU = Debug|Any CPU
		Release|Any CPU = Release|Any CPU
	EndGlobalSection
	GlobalSection(ProjectConfigurationPlatforms) = postSolution
		{8C7EC62B-0344-438B-9D7A-37434601C151}.Debug|Any CPU.ActiveCfg = Debug|Any CPU
		{8C7EC62B-0344-438B-9D7A-37434601C151}.Debug|Any CPU.Build.0 = Debug|Any CPU
		{8C7EC62B-0344-438B-9D7A-37434601C151}.Release|Any CPU.ActiveCfg = Release|Any CPU
		{8C7EC62B-0344-438B-9D7A-37434601C151}.Release|Any CPU.Build.0 = Release|Any CPU
		{1588CE2F-360D-4874-953D-0D6FF0FDB188}.Debug|Any CPU.ActiveCfg = Debug|Any CPU
		{1588CE2F-360D-4874-953D-0D6FF0FDB188}.Debug|Any CPU.Build.0 = Debug|Any CPU
		{1588CE2F-360D-4874-953D-0D6FF0FDB188}.Release|Any CPU.ActiveCfg = Release|Any CPU
		{1588CE2F-360D-4874-953D-0D6FF0FDB188}.Release|Any CPU.Build.0 = Release|Any CPU
	EndGlobalSection
	GlobalSection(SolutionProperties) = preSolution
		HideSolutionNode = FALSE
	EndGlobalSection
	GlobalSection(ExtensibilityGlobals) = postSolution
		SolutionGuid = {B147B3E9-D686-4856-8262-F933351F7E11}
	EndGlobalSection
EndGlobal
