
Microsoft Visual Studio Solution File, Format Version 12.00
# Visual Studio Version 16
VisualStudioVersion = 16.0.32106.194
MinimumVisualStudioVersion = 10.0.40219.1
Project("{FAE04EC0-301F-11D3-BF4B-00C04F79EFBC}") = "Generics", "Generics\Generics.csproj", "{EB3EC928-FDA7-4177-8154-936A43FB5130}"
EndProject
Global
	GlobalSection(SolutionConfigurationPlatforms) = preSolution
		Debug|Any CPU = Debug|Any CPU
		Release|Any CPU = Release|Any CPU
	EndGlobalSection
	GlobalSection(ProjectConfigurationPlatforms) = postSolution
		{EB3EC928-FDA7-4177-8154-936A43FB5130}.Debug|Any CPU.ActiveCfg = Debug|Any CPU
		{EB3EC928-FDA7-4177-8154-936A43FB5130}.Debug|Any CPU.Build.0 = Debug|Any CPU
		{EB3EC928-FDA7-4177-8154-936A43FB5130}.Release|Any CPU.ActiveCfg = Release|Any CPU
		{EB3EC928-FDA7-4177-8154-936A43FB5130}.Release|Any CPU.Build.0 = Release|Any CPU
	EndGlobalSection
	GlobalSection(SolutionProperties) = preSolution
		HideSolutionNode = FALSE
	EndGlobalSection
	GlobalSection(ExtensibilityGlobals) = postSolution
		SolutionGuid = {027D7E79-1773-4470-B823-FDA45EF0CCD4}
	EndGlobalSection
EndGlobal
