
Microsoft Visual Studio Solution File, Format Version 12.00
# Visual Studio Version 16
VisualStudioVersion = 16.0.32106.194
MinimumVisualStudioVersion = 10.0.40219.1
Project("{FAE04EC0-301F-11D3-BF4B-00C04F79EFBC}") = "Airline", "Airline\Airline.csproj", "{B302ECAE-A86D-44A5-A127-1219EAEA7D79}"
EndProject
Global
	GlobalSection(SolutionConfigurationPlatforms) = preSolution
		Debug|Any CPU = Debug|Any CPU
		Release|Any CPU = Release|Any CPU
	EndGlobalSection
	GlobalSection(ProjectConfigurationPlatforms) = postSolution
		{B302ECAE-A86D-44A5-A127-1219EAEA7D79}.Debug|Any CPU.ActiveCfg = Debug|Any CPU
		{B302ECAE-A86D-44A5-A127-1219EAEA7D79}.Debug|Any CPU.Build.0 = Debug|Any CPU
		{B302ECAE-A86D-44A5-A127-1219EAEA7D79}.Release|Any CPU.ActiveCfg = Release|Any CPU
		{B302ECAE-A86D-44A5-A127-1219EAEA7D79}.Release|Any CPU.Build.0 = Release|Any CPU
	EndGlobalSection
	GlobalSection(SolutionProperties) = preSolution
		HideSolutionNode = FALSE
	EndGlobalSection
	GlobalSection(ExtensibilityGlobals) = postSolution
		SolutionGuid = {6370A231-7EAB-41B4-8382-CA762EF6669A}
	EndGlobalSection
EndGlobal
